
Microsoft Visual Studio Solution File, Format Version 12.00
# Visual Studio 15
VisualStudioVersion = 15.0.28307.645
MinimumVisualStudioVersion = 10.0.40219.1
Project("{159641D6-6404-4A2A-AE62-294DE0FE8301}") = "Bulkoozle Data Services", "Bulkoozle Data Services\Bulkoozle Data Services.dtproj", "{506073DC-23AE-42E8-897A-E2608276969E}"
EndProject
Global
	GlobalSection(SolutionConfigurationPlatforms) = preSolution
		Development|Default = Development|Default
	EndGlobalSection
	GlobalSection(ProjectConfigurationPlatforms) = postSolution
		{506073DC-23AE-42E8-897A-E2608276969E}.Development|Default.ActiveCfg = Development
		{506073DC-23AE-42E8-897A-E2608276969E}.Development|Default.Build.0 = Development
	EndGlobalSection
	GlobalSection(SolutionProperties) = preSolution
		HideSolutionNode = FALSE
	EndGlobalSection
	GlobalSection(ExtensibilityGlobals) = postSolution
		SolutionGuid = {236A8DD4-4816-421E-8486-300891D10898}
	EndGlobalSection
EndGlobal
